// !$*UTF8*$!
{
	archiveVersion = 1;
	classes = {
	};
	objectVersion = 46;
	objects = {

/* Begin PBXBuildFile section */
		3C02A2EE1A11874700560082 /* AppDelegate.swift in Sources */ = {isa = PBXBuildFile; fileRef = 3C02A2ED1A11874700560082 /* AppDelegate.swift */; };
		3C02A2F01A11874700560082 /* ViewController.swift in Sources */ = {isa = PBXBuildFile; fileRef = 3C02A2EF1A11874700560082 /* ViewController.swift */; };
		3C02A2F31A11874700560082 /* Main.storyboard in Resources */ = {isa = PBXBuildFile; fileRef = 3C02A2F11A11874700560082 /* Main.storyboard */; };
		3C02A2F51A11874700560082 /* Images.xcassets in Resources */ = {isa = PBXBuildFile; fileRef = 3C02A2F41A11874700560082 /* Images.xcassets */; };
		3C02A2F81A11874700560082 /* LaunchScreen.xib in Resources */ = {isa = PBXBuildFile; fileRef = 3C02A2F61A11874700560082 /* LaunchScreen.xib */; };
		3C02A3041A11874700560082 /* How_Many_FingersTests.swift in Sources */ = {isa = PBXBuildFile; fileRef = 3C02A3031A11874700560082 /* How_Many_FingersTests.swift */; };
/* End PBXBuildFile section */

/* Begin PBXContainerItemProxy section */
		3C02A2FE1A11874700560082 /* PBXContainerItemProxy */ = {
			isa = PBXContainerItemProxy;
			containerPortal = 3C02A2E01A11874600560082 /* Project object */;
			proxyType = 1;
			remoteGlobalIDString = 3C02A2E71A11874700560082;
			remoteInfo = "How Many Fingers";
		};
/* End PBXContainerItemProxy section */

/* Begin PBXFileReference section */
		3C02A2E81A11874700560082 /* How Many Fingers.app */ = {isa = PBXFileReference; explicitFileType = wrapper.application; includeInIndex = 0; path = "How Many Fingers.app"; sourceTree = BUILT_PRODUCTS_DIR; };
		3C02A2EC1A11874700560082 /* Info.plist */ = {isa = PBXFileReference; lastKnownFileType = text.plist.xml; path = Info.plist; sourceTree = "<group>"; };
		3C02A2ED1A11874700560082 /* AppDelegate.swift */ = {isa = PBXFileReference; lastKnownFileType = sourcecode.swift; path = AppDelegate.swift; sourceTree = "<group>"; };
		3C02A2EF1A11874700560082 /* ViewController.swift */ = {isa = PBXFileReference; lastKnownFileType = sourcecode.swift; path = ViewController.swift; sourceTree = "<group>"; };
		3C02A2F21A11874700560082 /* Base */ = {isa = PBXFileReference; lastKnownFileType = file.storyboard; name = Base; path = Base.lproj/Main.storyboard; sourceTree = "<group>"; };
		3C02A2F41A11874700560082 /* Images.xcassets */ = {isa = PBXFileReference; lastKnownFileType = folder.assetcatalog; path = Images.xcassets; sourceTree = "<group>"; };
		3C02A2F71A11874700560082 /* Base */ = {isa = PBXFileReference; lastKnownFileType = file.xib; name = Base; path = Base.lproj/LaunchScreen.xib; sourceTree = "<group>"; };
		3C02A2FD1A11874700560082 /* How Many FingersTests.xctest */ = {isa = PBXFileReference; explicitFileType = wrapper.cfbundle; includeInIndex = 0; path = "How Many FingersTests.xctest"; sourceTree = BUILT_PRODUCTS_DIR; };
		3C02A3021A11874700560082 /* Info.plist */ = {isa = PBXFileReference; lastKnownFileType = text.plist.xml; path = Info.plist; sourceTree = "<group>"; };
		3C02A3031A11874700560082 /* How_Many_FingersTests.swift */ = {isa = PBXFileReference; lastKnownFileType = sourcecode.swift; path = How_Many_FingersTests.swift; sourceTree = "<group>"; };
/* End PBXFileReference section */

/* Begin PBXFrameworksBuildPhase section */
		3C02A2E51A11874700560082 /* Frameworks */ = {
			isa = PBXFrameworksBuildPhase;
			buildActionMask = 2147483647;
			files = (
			);
			runOnlyForDeploymentPostprocessing = 0;
		};
		3C02A2FA1A11874700560082 /* Frameworks */ = {
			isa = PBXFrameworksBuildPhase;
			buildActionMask = 2147483647;
			files = (
			);
			runOnlyForDeploymentPostprocessing = 0;
		};
/* End PBXFrameworksBuildPhase section */

/* Begin PBXGroup section */
		3C02A2DF1A11874600560082 = {
			isa = PBXGroup;
			children = (
				3C02A2EA1A11874700560082 /* How Many Fingers */,
				3C02A3001A11874700560082 /* How Many FingersTests */,
				3C02A2E91A11874700560082 /* Products */,
			);
			sourceTree = "<group>";
		};
		3C02A2E91A11874700560082 /* Products */ = {
			isa = PBXGroup;
			children = (
				3C02A2E81A11874700560082 /* How Many Fingers.app */,
				3C02A2FD1A11874700560082 /* How Many FingersTests.xctest */,
			);
			name = Products;
			sourceTree = "<group>";
		};
		3C02A2EA1A11874700560082 /* How Many Fingers */ = {
			isa = PBXGroup;
			children = (
				3C02A2ED1A11874700560082 /* AppDelegate.swift */,
				3C02A2EF1A11874700560082 /* ViewController.swift */,
				3C02A2F11A11874700560082 /* Main.storyboard */,
				3C02A2F41A11874700560082 /* Images.xcassets */,
				3C02A2F61A11874700560082 /* LaunchScreen.xib */,
				3C02A2EB1A11874700560082 /* Supporting Files */,
			);
			path = "How Many Fingers";
			sourceTree = "<group>";
		};
		3C02A2EB1A11874700560082 /* Supporting Files */ = {
			isa = PBXGroup;
			children = (
				3C02A2EC1A11874700560082 /* Info.plist */,
			);
			name = "Supporting Files";
			sourceTree = "<group>";
		};
		3C02A3001A11874700560082 /* How Many FingersTests */ = {
			isa = PBXGroup;
			children = (
				3C02A3031A11874700560082 /* How_Many_FingersTests.swift */,
				3C02A3011A11874700560082 /* Supporting Files */,
			);
			path = "How Many FingersTests";
			sourceTree = "<group>";
		};
		3C02A3011A11874700560082 /* Supporting Files */ = {
			isa = PBXGroup;
			children = (
				3C02A3021A11874700560082 /* Info.plist */,
			);
			name = "Supporting Files";
			sourceTree = "<group>";
		};
/* End PBXGroup section */

/* Begin PBXNativeTarget section */
		3C02A2E71A11874700560082 /* How Many Fingers */ = {
			isa = PBXNativeTarget;
			buildConfigurationList = 3C02A3071A11874700560082 /* Build configuration list for PBXNativeTarget "How Many Fingers" */;
			buildPhases = (
				3C02A2E41A11874700560082 /* Sources */,
				3C02A2E51A11874700560082 /* Frameworks */,
				3C02A2E61A11874700560082 /* Resources */,
			);
			buildRules = (
			);
			dependencies = (
			);
			name = "How Many Fingers";
			productName = "How Many Fingers";
			productReference = 3C02A2E81A11874700560082 /* How Many Fingers.app */;
			productType = "com.apple.product-type.application";
		};
		3C02A2FC1A11874700560082 /* How Many FingersTests */ = {
			isa = PBXNativeTarget;
			buildConfigurationList = 3C02A30A1A11874700560082 /* Build configuration list for PBXNativeTarget "How Many FingersTests" */;
			buildPhases = (
				3C02A2F91A11874700560082 /* Sources */,
				3C02A2FA1A11874700560082 /* Frameworks */,
				3C02A2FB1A11874700560082 /* Resources */,
			);
			buildRules = (
			);
			dependencies = (
				3C02A2FF1A11874700560082 /* PBXTargetDependency */,
			);
			name = "How Many FingersTests";
			productName = "How Many FingersTests";
			productReference = 3C02A2FD1A11874700560082 /* How Many FingersTests.xctest */;
			productType = "com.apple.product-type.bundle.unit-test";
		};
/* End PBXNativeTarget section */

/* Begin PBXProject section */
		3C02A2E01A11874600560082 /* Project object */ = {
			isa = PBXProject;
			attributes = {
				LastUpgradeCheck = 0610;
				ORGANIZATIONNAME = "Will Gallop";
				TargetAttributes = {
					3C02A2E71A11874700560082 = {
						CreatedOnToolsVersion = 6.1;
					};
					3C02A2FC1A11874700560082 = {
						CreatedOnToolsVersion = 6.1;
						TestTargetID = 3C02A2E71A11874700560082;
					};
				};
			};
			buildConfigurationList = 3C02A2E31A11874600560082 /* Build configuration list for PBXProject "How Many Fingers" */;
			compatibilityVersion = "Xcode 3.2";
			developmentRegion = English;
			hasScannedForEncodings = 0;
			knownRegions = (
				en,
				Base,
			);
			mainGroup = 3C02A2DF1A11874600560082;
			productRefGroup = 3C02A2E91A11874700560082 /* Products */;
			projectDirPath = "";
			projectRoot = "";
			targets = (
				3C02A2E71A11874700560082 /* How Many Fingers */,
				3C02A2FC1A11874700560082 /* How Many FingersTests */,
			);
		};
/* End PBXProject section */

/* Begin PBXResourcesBuildPhase section */
		3C02A2E61A11874700560082 /* Resources */ = {
			isa = PBXResourcesBuildPhase;
			buildActionMask = 2147483647;
			files = (
				3C02A2F31A11874700560082 /* Main.storyboard in Resources */,
				3C02A2F81A11874700560082 /* LaunchScreen.xib in Resources */,
				3C02A2F51A11874700560082 /* Images.xcassets in Resources */,
			);
			runOnlyForDeploymentPostprocessing = 0;
		};
		3C02A2FB1A11874700560082 /* Resources */ = {
			isa = PBXResourcesBuildPhase;
			buildActionMask = 2147483647;
			files = (
			);
			runOnlyForDeploymentPostprocessing = 0;
		};
/* End PBXResourcesBuildPhase section */

/* Begin PBXSourcesBuildPhase section */
		3C02A2E41A11874700560082 /* Sources */ = {
			isa = PBXSourcesBuildPhase;
			buildActionMask = 2147483647;
			files = (
				3C02A2F01A11874700560082 /* ViewController.swift in Sources */,
				3C02A2EE1A11874700560082 /* AppDelegate.swift in Sources */,
			);
			runOnlyForDeploymentPostprocessing = 0;
		};
		3C02A2F91A11874700560082 /* Sources */ = {
			isa = PBXSourcesBuildPhase;
			buildActionMask = 2147483647;
			files = (
				3C02A3041A11874700560082 /* How_Many_FingersTests.swift in Sources */,
			);
			runOnlyForDeploymentPostprocessing = 0;
		};
/* End PBXSourcesBuildPhase section */

/* Begin PBXTargetDependency section */
		3C02A2FF1A11874700560082 /* PBXTargetDependency */ = {
			isa = PBXTargetDependency;
			target = 3C02A2E71A11874700560082 /* How Many Fingers */;
			targetProxy = 3C02A2FE1A11874700560082 /* PBXContainerItemProxy */;
		};
/* End PBXTargetDependency section */

/* Begin PBXVariantGroup section */
		3C02A2F11A11874700560082 /* Main.storyboard */ = {
			isa = PBXVariantGroup;
			children = (
				3C02A2F21A11874700560082 /* Base */,
			);
			name = Main.storyboard;
			sourceTree = "<group>";
		};
		3C02A2F61A11874700560082 /* LaunchScreen.xib */ = {
			isa = PBXVariantGroup;
			children = (
				3C02A2F71A11874700560082 /* Base */,
			);
			name = LaunchScreen.xib;
			sourceTree = "<group>";
		};
/* End PBXVariantGroup section */

/* Begin XCBuildConfiguration section */
		3C02A3051A11874700560082 /* Debug */ = {
			isa = XCBuildConfiguration;
			buildSettings = {
				ALWAYS_SEARCH_USER_PATHS = NO;
				CLANG_CXX_LANGUAGE_STANDARD = "gnu++0x";
				CLANG_CXX_LIBRARY = "libc++";
				CLANG_ENABLE_MODULES = YES;
				CLANG_ENABLE_OBJC_ARC = YES;
				CLANG_WARN_BOOL_CONVERSION = YES;
				CLANG_WARN_CONSTANT_CONVERSION = YES;
				CLANG_WARN_DIRECT_OBJC_ISA_USAGE = YES_ERROR;
				CLANG_WARN_EMPTY_BODY = YES;
				CLANG_WARN_ENUM_CONVERSION = YES;
				CLANG_WARN_INT_CONVERSION = YES;
				CLANG_WARN_OBJC_ROOT_CLASS = YES_ERROR;
				CLANG_WARN_UNREACHABLE_CODE = YES;
				CLANG_WARN__DUPLICATE_METHOD_MATCH = YES;
				"CODE_SIGN_IDENTITY[sdk=iphoneos*]" = "iPhone Developer";
				COPY_PHASE_STRIP = NO;
				ENABLE_STRICT_OBJC_MSGSEND = YES;
				GCC_C_LANGUAGE_STANDARD = gnu99;
				GCC_DYNAMIC_NO_PIC = NO;
				GCC_OPTIMIZATION_LEVEL = 0;
				GCC_PREPROCESSOR_DEFINITIONS = (
					"DEBUG=1",
					"$(inherited)",
				);
				GCC_SYMBOLS_PRIVATE_EXTERN = NO;
				GCC_WARN_64_TO_32_BIT_CONVERSION = YES;
				GCC_WARN_ABOUT_RETURN_TYPE = YES_ERROR;
				GCC_WARN_UNDECLARED_SELECTOR = YES;
				GCC_WARN_UNINITIALIZED_AUTOS = YES_AGGRESSIVE;
				GCC_WARN_UNUSED_FUNCTION = YES;
				GCC_WARN_UNUSED_VARIABLE = YES;
				IPHONEOS_DEPLOYMENT_TARGET = 8.1;
				MTL_ENABLE_DEBUG_INFO = YES;
				ONLY_ACTIVE_ARCH = YES;
				SDKROOT = iphoneos;
				SWIFT_OPTIMIZATION_LEVEL = "-Onone";
			};
			name = Debug;
		};
		3C02A3061A11874700560082 /* Release */ = {
			isa = XCBuildConfiguration;
			buildSettings = {
				ALWAYS_SEARCH_USER_PATHS = NO;
				CLANG_CXX_LANGUAGE_STANDARD = "gnu++0x";
				CLANG_CXX_LIBRARY = "libc++";
				CLANG_ENABLE_MODULES = YES;
				CLANG_ENABLE_OBJC_ARC = YES;
				CLANG_WARN_BOOL_CONVERSION = YES;
				CLANG_WARN_CONSTANT_CONVERSION = YES;
				CLANG_WARN_DIRECT_OBJC_ISA_USAGE = YES_ERROR;
				CLANG_WARN_EMPTY_BODY = YES;
				CLANG_WARN_ENUM_CONVERSION = YES;
				CLANG_WARN_INT_CONVERSION = YES;
				CLANG_WARN_OBJC_ROOT_CLASS = YES_ERROR;
				CLANG_WARN_UNREACHABLE_CODE = YES;
				CLANG_WARN__DUPLICATE_METHOD_MATCH = YES;
				"CODE_SIGN_IDENTITY[sdk=iphoneos*]" = "iPhone Developer";
				COPY_PHASE_STRIP = YES;
				ENABLE_NS_ASSERTIONS = NO;
				ENABLE_STRICT_OBJC_MSGSEND = YES;
				GCC_C_LANGUAGE_STANDARD = gnu99;
				GCC_WARN_64_TO_32_BIT_CONVERSION = YES;
				GCC_WARN_ABOUT_RETURN_TYPE = YES_ERROR;
				GCC_WARN_UNDECLARED_SELECTOR = YES;
				GCC_WARN_UNINITIALIZED_AUTOS = YES_AGGRESSIVE;
				GCC_WARN_UNUSED_FUNCTION = YES;
				GCC_WARN_UNUSED_VARIABLE = YES;
				IPHONEOS_DEPLOYMENT_TARGET = 8.1;
				MTL_ENABLE_DEBUG_INFO = NO;
				SDKROOT = iphoneos;
				VALIDATE_PRODUCT = YES;
			};
			name = Release;
		};
		3C02A3081A11874700560082 /* Debug */ = {
			isa = XCBuildConfiguration;
			buildSettings = {
				ASSETCATALOG_COMPILER_APPICON_NAME = AppIcon;
				INFOPLIST_FILE = "How Many Fingers/Info.plist";
				LD_RUNPATH_SEARCH_PATHS = "$(inherited) @executable_path/Frameworks";
				PRODUCT_NAME = "$(TARGET_NAME)";
			};
			name = Debug;
		};
		3C02A3091A11874700560082 /* Release */ = {
			isa = XCBuildConfiguration;
			buildSettings = {
				ASSETCATALOG_COMPILER_APPICON_NAME = AppIcon;
				INFOPLIST_FILE = "How Many Fingers/Info.plist";
				LD_RUNPATH_SEARCH_PATHS = "$(inherited) @executable_path/Frameworks";
				PRODUCT_NAME = "$(TARGET_NAME)";
			};
			name = Release;
		};
		3C02A30B1A11874700560082 /* Debug */ = {
			isa = XCBuildConfiguration;
			buildSettings = {
				BUNDLE_LOADER = "$(TEST_HOST)";
				FRAMEWORK_SEARCH_PATHS = (
					"$(SDKROOT)/Developer/Library/Frameworks",
					"$(inherited)",
				);
				GCC_PREPROCESSOR_DEFINITIONS = (
					"DEBUG=1",
					"$(inherited)",
				);
				INFOPLIST_FILE = "How Many FingersTests/Info.plist";
				LD_RUNPATH_SEARCH_PATHS = "$(inherited) @executable_path/Frameworks @loader_path/Frameworks";
				PRODUCT_NAME = "$(TARGET_NAME)";
				TEST_HOST = "$(BUILT_PRODUCTS_DIR)/How Many Fingers.app/How Many Fingers";
			};
			name = Debug;
		};
		3C02A30C1A11874700560082 /* Release */ = {
			isa = XCBuildConfiguration;
			buildSettings = {
				BUNDLE_LOADER = "$(TEST_HOST)";
				FRAMEWORK_SEARCH_PATHS = (
					"$(SDKROOT)/Developer/Library/Frameworks",
					"$(inherited)",
				);
				INFOPLIST_FILE = "How Many FingersTests/Info.plist";
				LD_RUNPATH_SEARCH_PATHS = "$(inherited) @executable_path/Frameworks @loader_path/Frameworks";
				PRODUCT_NAME = "$(TARGET_NAME)";
				TEST_HOST = "$(BUILT_PRODUCTS_DIR)/How Many Fingers.app/How Many Fingers";
			};
			name = Release;
		};
/* End XCBuildConfiguration section */

/* Begin XCConfigurationList section */
		3C02A2E31A11874600560082 /* Build configuration list for PBXProject "How Many Fingers" */ = {
			isa = XCConfigurationList;
			buildConfigurations = (
				3C02A3051A11874700560082 /* Debug */,
				3C02A3061A11874700560082 /* Release */,
			);
			defaultConfigurationIsVisible = 0;
			defaultConfigurationName = Release;
		};
		3C02A3071A11874700560082 /* Build configuration list for PBXNativeTarget "How Many Fingers" */ = {
			isa = XCConfigurationList;
			buildConfigurations = (
				3C02A3081A11874700560082 /* Debug */,
				3C02A3091A11874700560082 /* Release */,
			);
			defaultConfigurationIsVisible = 0;
		};
		3C02A30A1A11874700560082 /* Build configuration list for PBXNativeTarget "How Many FingersTests" */ = {
			isa = XCConfigurationList;
			buildConfigurations = (
				3C02A30B1A11874700560082 /* Debug */,
				3C02A30C1A11874700560082 /* Release */,
			);
			defaultConfigurationIsVisible = 0;
		};
/* End XCConfigurationList section */
	};
	rootObject = 3C02A2E01A11874600560082 /* Project object */;
}
